PODS:
  - GoogleWebRTC (1.1.27299)
  - Starscream (3.1.0)

DEPENDENCIES:
  - GoogleWebRTC (~> 1.1)
  - Starscream (~> 3.0)

SPEC REPOS:
  https://github.com/cocoapods/specs.git:
    - GoogleWebRTC
    - Starscream

SPEC CHECKSUMS:
  GoogleWebRTC: 893a5f2f3635437ec3b05ef240993d5713307804
  Starscream: 08172b481e145289c4930cb567230fb55897cfa4

PODFILE CHECKSUM: bfa72c8ee3aac3a2bf52d1b91b20f6ca669259d9

COCOAPODS: 1.7.2
