{
  "originHash" : "1d23430878d9b5effb86fb818b19d2c0b9b5ad0c42acdd2eeb4314fd1f3be72f",
  "pins" : [
    {
      "identity" : "starscream",
      "kind" : "remoteSourceControl",
      "location" : "https://github.com/daltoniam/Starscream.git",
      "state" : {
        "revision" : "df8d82047f6654d8e4b655d1b1525c64e1059d21",
        "version" : "4.0.4"
      }
    },
    {
      "identity" : "webrtc",
      "kind" : "remoteSourceControl",
      "location" : "https://github.com/stasel/WebRTC",
      "state" : {
        "revision" : "b85669f32ffb3f48ce3a8f18ad828c6f559a8a0c",
        "version" : "137.0.0"
      }
    }
  ],
  "version" : 3
}
