PODS:
  - GoogleWebRTC (1.1.24717)
  - Starscream (3.0.5)

DEPENDENCIES:
  - GoogleWebRTC (= 1.1.24717)
  - Starscream (~> 3.0.5)

SPEC REPOS:
  https://github.com/cocoapods/specs.git:
    - GoogleWebRTC
    - Starscream

SPEC CHECKSUMS:
  GoogleWebRTC: 80c5e7207527fa31b29e8ab813d68f761675ab62
  Starscream: faf918b2f2eff7d5dd21180646bf015a669673bd

PODFILE CHECKSUM: 94290dbbd366e9f3be0d657fa1001bfe58a6b473

COCOAPODS: 1.5.3
