PODS:
  - GoogleWebRTC (1.1.23260)
  - Starscream (3.0.5)

DEPENDENCIES:
  - GoogleWebRTC
  - Starscream (~> 3.0.2)

SPEC REPOS:
  https://github.com/cocoapods/specs.git:
    - GoogleWebRTC
    - Starscream

SPEC CHECKSUMS:
  GoogleWebRTC: 708d48a3c9964f567c684425b21f74645cc41558
  Starscream: faf918b2f2eff7d5dd21180646bf015a669673bd

PODFILE CHECKSUM: 48318e2e36e9fb332008eb10af79e70f1ce3f5d8

COCOAPODS: 1.5.2
