PODS:
  - GoogleWebRTC (1.1.23621)
  - Starscream (3.0.5)

DEPENDENCIES:
  - GoogleWebRTC (= 1.1.23621)
  - Starscream (~> 3.0.2)

SPEC REPOS:
  https://github.com/cocoapods/specs.git:
    - GoogleWebRTC
    - Starscream

SPEC CHECKSUMS:
  GoogleWebRTC: a8220d26e272caf95d028f0f390052db10adea35
  Starscream: faf918b2f2eff7d5dd21180646bf015a669673bd

PODFILE CHECKSUM: e3e67d8060f51266daba6fd3cc5cb5e55fb2a71a

COCOAPODS: 1.5.3
