// !$*UTF8*$!
{
	archiveVersion = 1;
	classes = {
	};
	objectVersion = 52;
	objects = {

/* Begin PBXBuildFile section */
		2F0D643D26FC644100CB9A47 /* WebRTC in Frameworks */ = {isa = PBXBuildFile; productRef = 2F0D643C26FC644100CB9A47 /* WebRTC */; };
		2F7EBC3622DCC6430015B46E /* WebSocketProvider.swift in Sources */ = {isa = PBXBuildFile; fileRef = 2F7EBC3522DCC6430015B46E /* WebSocketProvider.swift */; };
		2F7EBC3822DCCB4E0015B46E /* StarscreamProvider.swift in Sources */ = {isa = PBXBuildFile; fileRef = 2F7EBC3722DCCB4E0015B46E /* StarscreamProvider.swift */; };
		2F7EBC3A22DCCE240015B46E /* NativeWebSocket.swift in Sources */ = {isa = PBXBuildFile; fileRef = 2F7EBC3922DCCE240015B46E /* NativeWebSocket.swift */; };
		2F8A9D1F24FA64E700CAECD1 /* Starscream in Frameworks */ = {isa = PBXBuildFile; productRef = 2F8A9D1E24FA64E700CAECD1 /* Starscream */; };
		79177C9720B0DE7A00BCD399 /* WebRTCClient.swift in Sources */ = {isa = PBXBuildFile; fileRef = 79177C9620B0DE7A00BCD399 /* WebRTCClient.swift */; };
		79177C9920B0DF2700BCD399 /* SignalingClient.swift in Sources */ = {isa = PBXBuildFile; fileRef = 79177C9820B0DF2700BCD399 /* SignalingClient.swift */; };
		79177CA620B1F76E00BCD399 /* RTCStates.swift in Sources */ = {isa = PBXBuildFile; fileRef = 79177CA520B1F76E00BCD399 /* RTCStates.swift */; };
		79177CA820B2276400BCD399 /* VideoViewController.swift in Sources */ = {isa = PBXBuildFile; fileRef = 79177CA720B2276400BCD399 /* VideoViewController.swift */; };
		79177CAA20B2283F00BCD399 /* VideoViewController.xib in Resources */ = {isa = PBXBuildFile; fileRef = 79177CA920B2283F00BCD399 /* VideoViewController.xib */; };
		792198A222011A450051F03F /* Config.swift in Sources */ = {isa = PBXBuildFile; fileRef = 792198A122011A450051F03F /* Config.swift */; };
		79262EE720B0D6F600D576C1 /* AppDelegate.swift in Sources */ = {isa = PBXBuildFile; fileRef = 79262EE620B0D6F600D576C1 /* AppDelegate.swift */; };
		79262EE920B0D6F600D576C1 /* MainViewController.swift in Sources */ = {isa = PBXBuildFile; fileRef = 79262EE820B0D6F600D576C1 /* MainViewController.swift */; };
		79262EEE20B0D6F800D576C1 /* Assets.xcassets in Resources */ = {isa = PBXBuildFile; fileRef = 79262EED20B0D6F800D576C1 /* Assets.xcassets */; };
		795A4A26221E081A00F8BB03 /* SessionDescription.swift in Sources */ = {isa = PBXBuildFile; fileRef = 795A4A25221E081A00F8BB03 /* SessionDescription.swift */; };
		795A4A28221E0A1B00F8BB03 /* IceCandidate.swift in Sources */ = {isa = PBXBuildFile; fileRef = 795A4A27221E0A1B00F8BB03 /* IceCandidate.swift */; };
		795A4A2A221E0FB100F8BB03 /* Message.swift in Sources */ = {isa = PBXBuildFile; fileRef = 795A4A29221E0FB100F8BB03 /* Message.swift */; };
		798FBA472200F681009F525E /* MainViewController.xib in Resources */ = {isa = PBXBuildFile; fileRef = 798FBA462200F681009F525E /* MainViewController.xib */; };
		798FBA492200F9A9009F525E /* LaunchScreen.storyboard in Resources */ = {isa = PBXBuildFile; fileRef = 798FBA482200F9A9009F525E /* LaunchScreen.storyboard */; };
/* End PBXBuildFile section */

/* Begin PBXFileReference section */
		2F7EBC3522DCC6430015B46E /* WebSocketProvider.swift */ = {isa = PBXFileReference; lastKnownFileType = sourcecode.swift; path = WebSocketProvider.swift; sourceTree = "<group>"; };
		2F7EBC3722DCCB4E0015B46E /* StarscreamProvider.swift */ = {isa = PBXFileReference; lastKnownFileType = sourcecode.swift; path = StarscreamProvider.swift; sourceTree = "<group>"; };
		2F7EBC3922DCCE240015B46E /* NativeWebSocket.swift */ = {isa = PBXFileReference; lastKnownFileType = sourcecode.swift; path = NativeWebSocket.swift; sourceTree = "<group>"; };
		79177C9620B0DE7A00BCD399 /* WebRTCClient.swift */ = {isa = PBXFileReference; lastKnownFileType = sourcecode.swift; path = WebRTCClient.swift; sourceTree = "<group>"; };
		79177C9820B0DF2700BCD399 /* SignalingClient.swift */ = {isa = PBXFileReference; lastKnownFileType = sourcecode.swift; path = SignalingClient.swift; sourceTree = "<group>"; };
		79177CA520B1F76E00BCD399 /* RTCStates.swift */ = {isa = PBXFileReference; lastKnownFileType = sourcecode.swift; path = RTCStates.swift; sourceTree = "<group>"; };
		79177CA720B2276400BCD399 /* VideoViewController.swift */ = {isa = PBXFileReference; lastKnownFileType = sourcecode.swift; path = VideoViewController.swift; sourceTree = "<group>"; };
		79177CA920B2283F00BCD399 /* VideoViewController.xib */ = {isa = PBXFileReference; lastKnownFileType = file.xib; path = VideoViewController.xib; sourceTree = "<group>"; };
		792198A122011A450051F03F /* Config.swift */ = {isa = PBXFileReference; lastKnownFileType = sourcecode.swift; path = Config.swift; sourceTree = "<group>"; };
		79262EE320B0D6F600D576C1 /* WebRTC-Demo.app */ = {isa = PBXFileReference; explicitFileType = wrapper.application; includeInIndex = 0; path = "WebRTC-Demo.app"; sourceTree = BUILT_PRODUCTS_DIR; };
		79262EE620B0D6F600D576C1 /* AppDelegate.swift */ = {isa = PBXFileReference; lastKnownFileType = sourcecode.swift; path = AppDelegate.swift; sourceTree = "<group>"; };
		79262EE820B0D6F600D576C1 /* MainViewController.swift */ = {isa = PBXFileReference; lastKnownFileType = sourcecode.swift; path = MainViewController.swift; sourceTree = "<group>"; };
		79262EED20B0D6F800D576C1 /* Assets.xcassets */ = {isa = PBXFileReference; lastKnownFileType = folder.assetcatalog; path = Assets.xcassets; sourceTree = "<group>"; };
		79262EF220B0D6F800D576C1 /* Info.plist */ = {isa = PBXFileReference; lastKnownFileType = text.plist.xml; path = Info.plist; sourceTree = "<group>"; };
		795A4A25221E081A00F8BB03 /* SessionDescription.swift */ = {isa = PBXFileReference; lastKnownFileType = sourcecode.swift; path = SessionDescription.swift; sourceTree = "<group>"; };
		795A4A27221E0A1B00F8BB03 /* IceCandidate.swift */ = {isa = PBXFileReference; lastKnownFileType = sourcecode.swift; path = IceCandidate.swift; sourceTree = "<group>"; };
		795A4A29221E0FB100F8BB03 /* Message.swift */ = {isa = PBXFileReference; lastKnownFileType = sourcecode.swift; path = Message.swift; sourceTree = "<group>"; };
		798FBA462200F681009F525E /* MainViewController.xib */ = {isa = PBXFileReference; lastKnownFileType = file.xib; path = MainViewController.xib; sourceTree = "<group>"; };
		798FBA482200F9A9009F525E /* LaunchScreen.storyboard */ = {isa = PBXFileReference; fileEncoding = 4; lastKnownFileType = file.storyboard; path = LaunchScreen.storyboard; sourceTree = "<group>"; };
/* End PBXFileReference section */

/* Begin PBXFrameworksBuildPhase section */
		79262EE020B0D6F600D576C1 /* Frameworks */ = {
			isa = PBXFrameworksBuildPhase;
			buildActionMask = 2147483647;
			files = (
				2F8A9D1F24FA64E700CAECD1 /* Starscream in Frameworks */,
				2F0D643D26FC644100CB9A47 /* WebRTC in Frameworks */,
			);
			runOnlyForDeploymentPostprocessing = 0;
		};
/* End PBXFrameworksBuildPhase section */

/* Begin PBXGroup section */
		2F7EBC3422DCC6300015B46E /* WebSocketProvider */ = {
			isa = PBXGroup;
			children = (
				2F7EBC3522DCC6430015B46E /* WebSocketProvider.swift */,
				2F7EBC3722DCCB4E0015B46E /* StarscreamProvider.swift */,
				2F7EBC3922DCCE240015B46E /* NativeWebSocket.swift */,
			);
			path = WebSocketProvider;
			sourceTree = "<group>";
		};
		79177C9A20B0E82B00BCD399 /* SupportingFiles */ = {
			isa = PBXGroup;
			children = (
				798FBA482200F9A9009F525E /* LaunchScreen.storyboard */,
				79262EF220B0D6F800D576C1 /* Info.plist */,
			);
			path = SupportingFiles;
			sourceTree = "<group>";
		};
		79177C9B20B0E84600BCD399 /* Resources */ = {
			isa = PBXGroup;
			children = (
				79262EED20B0D6F800D576C1 /* Assets.xcassets */,
			);
			path = Resources;
			sourceTree = "<group>";
		};
		79177CA420B1C39700BCD399 /* Extensions */ = {
			isa = PBXGroup;
			children = (
				79177CA520B1F76E00BCD399 /* RTCStates.swift */,
				795A4A25221E081A00F8BB03 /* SessionDescription.swift */,
				795A4A27221E0A1B00F8BB03 /* IceCandidate.swift */,
			);
			path = Extensions;
			sourceTree = "<group>";
		};
		7921989F220107C90051F03F /* MainScreen */ = {
			isa = PBXGroup;
			children = (
				79262EE820B0D6F600D576C1 /* MainViewController.swift */,
				798FBA462200F681009F525E /* MainViewController.xib */,
			);
			path = MainScreen;
			sourceTree = "<group>";
		};
		792198A0220107E30051F03F /* VideoScreen */ = {
			isa = PBXGroup;
			children = (
				79177CA720B2276400BCD399 /* VideoViewController.swift */,
				79177CA920B2283F00BCD399 /* VideoViewController.xib */,
			);
			path = VideoScreen;
			sourceTree = "<group>";
		};
		79262EDA20B0D6F500D576C1 = {
			isa = PBXGroup;
			children = (
				798FBA422200F3B1009F525E /* Sources */,
				79177C9B20B0E84600BCD399 /* Resources */,
				79177C9A20B0E82B00BCD399 /* SupportingFiles */,
				79262EE420B0D6F600D576C1 /* Products */,
			);
			sourceTree = "<group>";
		};
		79262EE420B0D6F600D576C1 /* Products */ = {
			isa = PBXGroup;
			children = (
				79262EE320B0D6F600D576C1 /* WebRTC-Demo.app */,
			);
			name = Products;
			sourceTree = "<group>";
		};
		798FBA422200F3B1009F525E /* Sources */ = {
			isa = PBXGroup;
			children = (
				798FBA452200F519009F525E /* Services */,
				798FBA442200F510009F525E /* Screens */,
				79177CA420B1C39700BCD399 /* Extensions */,
				79262EE620B0D6F600D576C1 /* AppDelegate.swift */,
				792198A122011A450051F03F /* Config.swift */,
			);
			path = Sources;
			sourceTree = "<group>";
		};
		798FBA442200F510009F525E /* Screens */ = {
			isa = PBXGroup;
			children = (
				7921989F220107C90051F03F /* MainScreen */,
				792198A0220107E30051F03F /* VideoScreen */,
			);
			path = Screens;
			sourceTree = "<group>";
		};
		798FBA452200F519009F525E /* Services */ = {
			isa = PBXGroup;
			children = (
				2F7EBC3422DCC6300015B46E /* WebSocketProvider */,
				79177C9820B0DF2700BCD399 /* SignalingClient.swift */,
				79177C9620B0DE7A00BCD399 /* WebRTCClient.swift */,
				795A4A29221E0FB100F8BB03 /* Message.swift */,
			);
			path = Services;
			sourceTree = "<group>";
		};
/* End PBXGroup section */

/* Begin PBXNativeTarget section */
		79262EE220B0D6F600D576C1 /* WebRTC-Demo */ = {
			isa = PBXNativeTarget;
			buildConfigurationList = 79262EF520B0D6F800D576C1 /* Build configuration list for PBXNativeTarget "WebRTC-Demo" */;
			buildPhases = (
				79262EDF20B0D6F600D576C1 /* Sources */,
				79262EE020B0D6F600D576C1 /* Frameworks */,
				79262EE120B0D6F600D576C1 /* Resources */,
			);
			buildRules = (
			);
			dependencies = (
			);
			name = "WebRTC-Demo";
			packageProductDependencies = (
				2F8A9D1E24FA64E700CAECD1 /* Starscream */,
				2F0D643C26FC644100CB9A47 /* WebRTC */,
			);
			productName = WebRTC;
			productReference = 79262EE320B0D6F600D576C1 /* WebRTC-Demo.app */;
			productType = "com.apple.product-type.application";
		};
/* End PBXNativeTarget section */

/* Begin PBXProject section */
		79262EDB20B0D6F500D576C1 /* Project object */ = {
			isa = PBXProject;
			attributes = {
				LastSwiftUpdateCheck = 0930;
				LastUpgradeCheck = 1300;
				ORGANIZATIONNAME = "Stas Seldin";
				TargetAttributes = {
					79262EE220B0D6F600D576C1 = {
						CreatedOnToolsVersion = 9.3.1;
						LastSwiftMigration = 0930;
					};
				};
			};
			buildConfigurationList = 79262EDE20B0D6F500D576C1 /* Build configuration list for PBXProject "WebRTC-Demo" */;
			compatibilityVersion = "Xcode 9.3";
			developmentRegion = en;
			hasScannedForEncodings = 0;
			knownRegions = (
				en,
				Base,
			);
			mainGroup = 79262EDA20B0D6F500D576C1;
			packageReferences = (
				2F8A9D1D24FA64E700CAECD1 /* XCRemoteSwiftPackageReference "Starscream" */,
				2F0D643B26FC644100CB9A47 /* XCRemoteSwiftPackageReference "WebRTC" */,
			);
			productRefGroup = 79262EE420B0D6F600D576C1 /* Products */;
			projectDirPath = "";
			projectRoot = "";
			targets = (
				79262EE220B0D6F600D576C1 /* WebRTC-Demo */,
			);
		};
/* End PBXProject section */

/* Begin PBXResourcesBuildPhase section */
		79262EE120B0D6F600D576C1 /* Resources */ = {
			isa = PBXResourcesBuildPhase;
			buildActionMask = 2147483647;
			files = (
				79262EEE20B0D6F800D576C1 /* Assets.xcassets in Resources */,
				798FBA472200F681009F525E /* MainViewController.xib in Resources */,
				79177CAA20B2283F00BCD399 /* VideoViewController.xib in Resources */,
				798FBA492200F9A9009F525E /* LaunchScreen.storyboard in Resources */,
			);
			runOnlyForDeploymentPostprocessing = 0;
		};
/* End PBXResourcesBuildPhase section */

/* Begin PBXSourcesBuildPhase section */
		79262EDF20B0D6F600D576C1 /* Sources */ = {
			isa = PBXSourcesBuildPhase;
			buildActionMask = 2147483647;
			files = (
				79262EE920B0D6F600D576C1 /* MainViewController.swift in Sources */,
				792198A222011A450051F03F /* Config.swift in Sources */,
				79177CA820B2276400BCD399 /* VideoViewController.swift in Sources */,
				79262EE720B0D6F600D576C1 /* AppDelegate.swift in Sources */,
				795A4A26221E081A00F8BB03 /* SessionDescription.swift in Sources */,
				79177CA620B1F76E00BCD399 /* RTCStates.swift in Sources */,
				79177C9920B0DF2700BCD399 /* SignalingClient.swift in Sources */,
				795A4A2A221E0FB100F8BB03 /* Message.swift in Sources */,
				795A4A28221E0A1B00F8BB03 /* IceCandidate.swift in Sources */,
				2F7EBC3622DCC6430015B46E /* WebSocketProvider.swift in Sources */,
				79177C9720B0DE7A00BCD399 /* WebRTCClient.swift in Sources */,
				2F7EBC3822DCCB4E0015B46E /* StarscreamProvider.swift in Sources */,
				2F7EBC3A22DCCE240015B46E /* NativeWebSocket.swift in Sources */,
			);
			runOnlyForDeploymentPostprocessing = 0;
		};
/* End PBXSourcesBuildPhase section */

/* Begin XCBuildConfiguration section */
		79262EF320B0D6F800D576C1 /* Debug */ = {
			isa = XCBuildConfiguration;
			buildSettings = {
				ALWAYS_SEARCH_USER_PATHS = NO;
				CLANG_ANALYZER_NONNULL = YES;
				CLANG_ANALYZER_NUMBER_OBJECT_CONVERSION = YES_AGGRESSIVE;
				CLANG_CXX_LANGUAGE_STANDARD = "gnu++14";
				CLANG_CXX_LIBRARY = "libc++";
				CLANG_ENABLE_MODULES = YES;
				CLANG_ENABLE_OBJC_ARC = YES;
				CLANG_ENABLE_OBJC_WEAK = YES;
				CLANG_WARN_BLOCK_CAPTURE_AUTORELEASING = YES;
				CLANG_WARN_BOOL_CONVERSION = YES;
				CLANG_WARN_COMMA = YES;
				CLANG_WARN_CONSTANT_CONVERSION = YES;
				CLANG_WARN_DEPRECATED_OBJC_IMPLEMENTATIONS = YES;
				CLANG_WARN_DIRECT_OBJC_ISA_USAGE = YES_ERROR;
				CLANG_WARN_DOCUMENTATION_COMMENTS = YES;
				CLANG_WARN_EMPTY_BODY = YES;
				CLANG_WARN_ENUM_CONVERSION = YES;
				CLANG_WARN_INFINITE_RECURSION = YES;
				CLANG_WARN_INT_CONVERSION = YES;
				CLANG_WARN_NON_LITERAL_NULL_CONVERSION = YES;
				CLANG_WARN_OBJC_IMPLICIT_RETAIN_SELF = YES;
				CLANG_WARN_OBJC_LITERAL_CONVERSION = YES;
				CLANG_WARN_OBJC_ROOT_CLASS = YES_ERROR;
				CLANG_WARN_QUOTED_INCLUDE_IN_FRAMEWORK_HEADER = YES;
				CLANG_WARN_RANGE_LOOP_ANALYSIS = YES;
				CLANG_WARN_STRICT_PROTOTYPES = YES;
				CLANG_WARN_SUSPICIOUS_MOVE = YES;
				CLANG_WARN_UNGUARDED_AVAILABILITY = YES_AGGRESSIVE;
				CLANG_WARN_UNREACHABLE_CODE = YES;
				CLANG_WARN__DUPLICATE_METHOD_MATCH = YES;
				CODE_SIGN_IDENTITY = "iPhone Developer";
				COPY_PHASE_STRIP = NO;
				DEBUG_INFORMATION_FORMAT = dwarf;
				ENABLE_BITCODE = YES;
				ENABLE_STRICT_OBJC_MSGSEND = YES;
				ENABLE_TESTABILITY = YES;
				GCC_C_LANGUAGE_STANDARD = gnu11;
				GCC_DYNAMIC_NO_PIC = NO;
				GCC_NO_COMMON_BLOCKS = YES;
				GCC_OPTIMIZATION_LEVEL = 0;
				GCC_PREPROCESSOR_DEFINITIONS = (
					"DEBUG=1",
					"$(inherited)",
				);
				GCC_WARN_64_TO_32_BIT_CONVERSION = YES;
				GCC_WARN_ABOUT_RETURN_TYPE = YES_ERROR;
				GCC_WARN_UNDECLARED_SELECTOR = YES;
				GCC_WARN_UNINITIALIZED_AUTOS = YES_AGGRESSIVE;
				GCC_WARN_UNUSED_FUNCTION = YES;
				GCC_WARN_UNUSED_VARIABLE = YES;
				IPHONEOS_DEPLOYMENT_TARGET = 12.0;
				MTL_ENABLE_DEBUG_INFO = YES;
				ONLY_ACTIVE_ARCH = YES;
				SDKROOT = iphoneos;
				SWIFT_ACTIVE_COMPILATION_CONDITIONS = DEBUG;
				SWIFT_OPTIMIZATION_LEVEL = "-Onone";
				SWIFT_VERSION = 5.0;
			};
			name = Debug;
		};
		79262EF420B0D6F800D576C1 /* Release */ = {
			isa = XCBuildConfiguration;
			buildSettings = {
				ALWAYS_SEARCH_USER_PATHS = NO;
				CLANG_ANALYZER_NONNULL = YES;
				CLANG_ANALYZER_NUMBER_OBJECT_CONVERSION = YES_AGGRESSIVE;
				CLANG_CXX_LANGUAGE_STANDARD = "gnu++14";
				CLANG_CXX_LIBRARY = "libc++";
				CLANG_ENABLE_MODULES = YES;
				CLANG_ENABLE_OBJC_ARC = YES;
				CLANG_ENABLE_OBJC_WEAK = YES;
				CLANG_WARN_BLOCK_CAPTURE_AUTORELEASING = YES;
				CLANG_WARN_BOOL_CONVERSION = YES;
				CLANG_WARN_COMMA = YES;
				CLANG_WARN_CONSTANT_CONVERSION = YES;
				CLANG_WARN_DEPRECATED_OBJC_IMPLEMENTATIONS = YES;
				CLANG_WARN_DIRECT_OBJC_ISA_USAGE = YES_ERROR;
				CLANG_WARN_DOCUMENTATION_COMMENTS = YES;
				CLANG_WARN_EMPTY_BODY = YES;
				CLANG_WARN_ENUM_CONVERSION = YES;
				CLANG_WARN_INFINITE_RECURSION = YES;
				CLANG_WARN_INT_CONVERSION = YES;
				CLANG_WARN_NON_LITERAL_NULL_CONVERSION = YES;
				CLANG_WARN_OBJC_IMPLICIT_RETAIN_SELF = YES;
				CLANG_WARN_OBJC_LITERAL_CONVERSION = YES;
				CLANG_WARN_OBJC_ROOT_CLASS = YES_ERROR;
				CLANG_WARN_QUOTED_INCLUDE_IN_FRAMEWORK_HEADER = YES;
				CLANG_WARN_RANGE_LOOP_ANALYSIS = YES;
				CLANG_WARN_STRICT_PROTOTYPES = YES;
				CLANG_WARN_SUSPICIOUS_MOVE = YES;
				CLANG_WARN_UNGUARDED_AVAILABILITY = YES_AGGRESSIVE;
				CLANG_WARN_UNREACHABLE_CODE = YES;
				CLANG_WARN__DUPLICATE_METHOD_MATCH = YES;
				CODE_SIGN_IDENTITY = "iPhone Developer";
				COPY_PHASE_STRIP = NO;
				DEBUG_INFORMATION_FORMAT = "dwarf-with-dsym";
				ENABLE_BITCODE = YES;
				ENABLE_NS_ASSERTIONS = NO;
				ENABLE_STRICT_OBJC_MSGSEND = YES;
				GCC_C_LANGUAGE_STANDARD = gnu11;
				GCC_NO_COMMON_BLOCKS = YES;
				GCC_WARN_64_TO_32_BIT_CONVERSION = YES;
				GCC_WARN_ABOUT_RETURN_TYPE = YES_ERROR;
				GCC_WARN_UNDECLARED_SELECTOR = YES;
				GCC_WARN_UNINITIALIZED_AUTOS = YES_AGGRESSIVE;
				GCC_WARN_UNUSED_FUNCTION = YES;
				GCC_WARN_UNUSED_VARIABLE = YES;
				IPHONEOS_DEPLOYMENT_TARGET = 12.0;
				MTL_ENABLE_DEBUG_INFO = NO;
				SDKROOT = iphoneos;
				SWIFT_COMPILATION_MODE = wholemodule;
				SWIFT_OPTIMIZATION_LEVEL = "-O";
				SWIFT_VERSION = 5.0;
				VALIDATE_PRODUCT = YES;
			};
			name = Release;
		};
		79262EF620B0D6F800D576C1 /* Debug */ = {
			isa = XCBuildConfiguration;
			buildSettings = {
				ASSETCATALOG_COMPILER_APPICON_NAME = AppIcon;
				CLANG_ENABLE_MODULES = YES;
				CODE_SIGN_STYLE = Automatic;
				DEVELOPMENT_TEAM = J5HXNWPVL8;
				INFOPLIST_FILE = "$(SRCROOT)/SupportingFiles/Info.plist";
				IPHONEOS_DEPLOYMENT_TARGET = 12.0;
				LD_RUNPATH_SEARCH_PATHS = (
					"$(inherited)",
					"@executable_path/Frameworks",
				);
				PRODUCT_BUNDLE_IDENTIFIER = com.stasel.WebRTC;
				PRODUCT_NAME = "$(TARGET_NAME)";
				SWIFT_OBJC_BRIDGING_HEADER = "";
				SWIFT_OPTIMIZATION_LEVEL = "-Onone";
				SWIFT_TREAT_WARNINGS_AS_ERRORS = YES;
				TARGETED_DEVICE_FAMILY = "1,2";
			};
			name = Debug;
		};
		79262EF720B0D6F800D576C1 /* Release */ = {
			isa = XCBuildConfiguration;
			buildSettings = {
				ASSETCATALOG_COMPILER_APPICON_NAME = AppIcon;
				CLANG_ENABLE_MODULES = YES;
				CODE_SIGN_STYLE = Automatic;
				DEVELOPMENT_TEAM = J5HXNWPVL8;
				INFOPLIST_FILE = "$(SRCROOT)/SupportingFiles/Info.plist";
				IPHONEOS_DEPLOYMENT_TARGET = 12.0;
				LD_RUNPATH_SEARCH_PATHS = (
					"$(inherited)",
					"@executable_path/Frameworks",
				);
				PRODUCT_BUNDLE_IDENTIFIER = com.stasel.WebRTC;
				PRODUCT_NAME = "$(TARGET_NAME)";
				SWIFT_OBJC_BRIDGING_HEADER = "";
				SWIFT_TREAT_WARNINGS_AS_ERRORS = YES;
				TARGETED_DEVICE_FAMILY = "1,2";
			};
			name = Release;
		};
/* End XCBuildConfiguration section */

/* Begin XCConfigurationList section */
		79262EDE20B0D6F500D576C1 /* Build configuration list for PBXProject "WebRTC-Demo" */ = {
			isa = XCConfigurationList;
			buildConfigurations = (
				79262EF320B0D6F800D576C1 /* Debug */,
				79262EF420B0D6F800D576C1 /* Release */,
			);
			defaultConfigurationIsVisible = 0;
			defaultConfigurationName = Release;
		};
		79262EF520B0D6F800D576C1 /* Build configuration list for PBXNativeTarget "WebRTC-Demo" */ = {
			isa = XCConfigurationList;
			buildConfigurations = (
				79262EF620B0D6F800D576C1 /* Debug */,
				79262EF720B0D6F800D576C1 /* Release */,
			);
			defaultConfigurationIsVisible = 0;
			defaultConfigurationName = Release;
		};
/* End XCConfigurationList section */

/* Begin XCRemoteSwiftPackageReference section */
		2F0D643B26FC644100CB9A47 /* XCRemoteSwiftPackageReference "WebRTC" */ = {
			isa = XCRemoteSwiftPackageReference;
			repositoryURL = "https://github.com/stasel/WebRTC";
			requirement = {
				kind = upToNextMajorVersion;
				minimumVersion = 95.0.0;
			};
		};
		2F8A9D1D24FA64E700CAECD1 /* XCRemoteSwiftPackageReference "Starscream" */ = {
			isa = XCRemoteSwiftPackageReference;
			repositoryURL = "https://github.com/daltoniam/Starscream.git";
			requirement = {
				kind = upToNextMajorVersion;
				minimumVersion = 3.1.1;
			};
		};
/* End XCRemoteSwiftPackageReference section */

/* Begin XCSwiftPackageProductDependency section */
		2F0D643C26FC644100CB9A47 /* WebRTC */ = {
			isa = XCSwiftPackageProductDependency;
			package = 2F0D643B26FC644100CB9A47 /* XCRemoteSwiftPackageReference "WebRTC" */;
			productName = WebRTC;
		};
		2F8A9D1E24FA64E700CAECD1 /* Starscream */ = {
			isa = XCSwiftPackageProductDependency;
			package = 2F8A9D1D24FA64E700CAECD1 /* XCRemoteSwiftPackageReference "Starscream" */;
			productName = Starscream;
		};
/* End XCSwiftPackageProductDependency section */
	};
	rootObject = 79262EDB20B0D6F500D576C1 /* Project object */;
}
